# This file is automatically @generated by Cargo.
# It is not intended for manual editing.
[[package]]
name = "chip8"
version = "0.1.0"
dependencies = [
 "fermium 200.12.2 (registry+https://github.com/rust-lang/crates.io-index)",
]

[[package]]
name = "chlorine"
version = "1.0.5"
source = "registry+https://github.com/rust-lang/crates.io-index"

[[package]]
name = "fermium"
version = "200.12.2"
source = "registry+https://github.com/rust-lang/crates.io-index"
dependencies = [
 "chlorine 1.0.5 (registry+https://github.com/rust-lang/crates.io-index)",
]

[metadata]
"checksum chlorine 1.0.5 (registry+https://github.com/rust-lang/crates.io-index)" = "f24f6d8895c2bf232d6ef33d489bf1efd242e5ec2358e0734035daa9e7beca69"
"checksum fermium 200.12.2 (registry+https://github.com/rust-lang/crates.io-index)" = "b2c0531bf7be77f193b5a75a23633982cde155cea2978752e5dc1c2cd425b0fe"
